// !$*UTF8*$!
{
	archiveVersion = 1;
	classes = {
	};
	objectVersion = 77;
	objects = {

/* Begin PBXBuildFile section */
		6811ECC12F1F85B600C04C59 /* MindPulse Watch Watch App.app in Embed Watch Content */ = {isa = PBXBuildFile; fileRef = 6811ECB72F1F85B500C04C59 /* MindPulse Watch Watch App.app */; settings = {ATTRIBUTES = (RemoveHeadersOnCopy, ); }; };
		9D112D542F292B4500C5180D /* Localizable.xcstrings in Resources */ = {isa = PBXBuildFile; fileRef = 9D112D532F292B4500C5180D /* Localizable.xcstrings */; };
		9D112D552F292CC500C5180D /* Localizable.xcstrings in Resources */ = {isa = PBXBuildFile; fileRef = 9D112D532F292B4500C5180D /* Localizable.xcstrings */; };
		9DF4FA162F01A45000E5D3D7 /* ElegantEmojiPicker in Frameworks */ = {isa = PBXBuildFile; productRef = 9DF4FA152F01A45000E5D3D7 /* ElegantEmojiPicker */; };
/* End PBXBuildFile section */

/* Begin PBXContainerItemProxy section */
		6811ECBF2F1F85B600C04C59 /* PBXContainerItemProxy */ = {
			isa = PBXContainerItemProxy;
			containerPortal = 9D2A0EDB2ED5DC4000EAD793 /* Project object */;
			proxyType = 1;
			remoteGlobalIDString = 6811ECB62F1F85B500C04C59;
			remoteInfo = "MindPulse Watch Watch App";
		};
		9D76D9E52F29502400FD201B /* PBXContainerItemProxy */ = {
			isa = PBXContainerItemProxy;
			containerPortal = 9D2A0EDB2ED5DC4000EAD793 /* Project object */;
			proxyType = 1;
			remoteGlobalIDString = 9D2A0EE22ED5DC4000EAD793;
			remoteInfo = MindPulse;
		};
		9D76DB1F2F29547E00FD201B /* PBXContainerItemProxy */ = {
			isa = PBXContainerItemProxy;
			containerPortal = 9D2A0EDB2ED5DC4000EAD793 /* Project object */;
			proxyType = 1;
			remoteGlobalIDString = 9D2A0EE22ED5DC4000EAD793;
			remoteInfo = MindPulse;
		};
/* End PBXContainerItemProxy section */

/* Begin PBXCopyFilesBuildPhase section */
		6811ECC52F1F85B600C04C59 /* Embed Watch Content */ = {
			isa = PBXCopyFilesBuildPhase;
			buildActionMask = 2147483647;
			dstPath = "$(CONTENTS_FOLDER_PATH)/Watch";
			dstSubfolderSpec = 16;
			files = (
				6811ECC12F1F85B600C04C59 /* MindPulse Watch Watch App.app in Embed Watch Content */,
			);
			name = "Embed Watch Content";
			runOnlyForDeploymentPostprocessing = 0;
		};
/* End PBXCopyFilesBuildPhase section */

/* Begin PBXFileReference section */
		6811ECB72F1F85B500C04C59 /* MindPulse Watch Watch App.app */ = {isa = PBXFileReference; explicitFileType = wrapper.application; includeInIndex = 0; path = "MindPulse Watch Watch App.app"; sourceTree = BUILT_PRODUCTS_DIR; };
		9D112D532F292B4500C5180D /* Localizable.xcstrings */ = {isa = PBXFileReference; lastKnownFileType = text.json.xcstrings; path = Localizable.xcstrings; sourceTree = "<group>"; };
		9D2A0EE32ED5DC4000EAD793 /* MindPulse.app */ = {isa = PBXFileReference; explicitFileType = wrapper.application; includeInIndex = 0; path = MindPulse.app; sourceTree = BUILT_PRODUCTS_DIR; };
		9D76D9DF2F29502400FD201B /* MindPulseUITests.xctest */ = {isa = PBXFileReference; explicitFileType = wrapper.cfbundle; includeInIndex = 0; path = MindPulseUITests.xctest; sourceTree = BUILT_PRODUCTS_DIR; };
		9D76DB1B2F29547D00FD201B /* MindPulseUnitTests.xctest */ = {isa = PBXFileReference; explicitFileType = wrapper.cfbundle; includeInIndex = 0; path = MindPulseUnitTests.xctest; sourceTree = BUILT_PRODUCTS_DIR; };
/* End PBXFileReference section */

/* Begin PBXFileSystemSynchronizedBuildFileExceptionSet section */
		6811ECCD2F1F860700C04C59 /* Exceptions for "MindPulse" folder in "MindPulse Watch Watch App" target */ = {
			isa = PBXFileSystemSynchronizedBuildFileExceptionSet;
			membershipExceptions = (
				Database/ActivityModel.swift,
				Database/Database.xcdatamodeld,
				Database/HeartRateSampleModel.swift,
				Database/RecordModel.swift,
				DI/DIManager.swift,
				DI/Injected.swift,
				Services/Data/DataManager.swift,
				Services/Data/DataManaging.swift,
				Services/Health/HeartRateManager.swift,
				Services/Health/HeartRateManaging.swift,
				Services/Notifications/NotificationManager.swift,
				Services/Notifications/NotificationManaging.swift,
				Services/Notifications/NotificationsDelegate.swift,
				UIComponents/PrimaryButtonStyle.swift,
			);
			target = 6811ECB62F1F85B500C04C59 /* MindPulse Watch Watch App */;
		};
		6811EF572F228B8B00C04C59 /* Exceptions for "MindPulse Watch Watch App" folder in "MindPulse" target */ = {
			isa = PBXFileSystemSynchronizedBuildFileExceptionSet;
			membershipExceptions = (
				Service/HeartRateBatchDTO.swift,
			);
			target = 9D2A0EE22ED5DC4000EAD793 /* MindPulse */;
		};
		6811F3532F25516500C04C59 /* Exceptions for "MindPulse" folder in "MindPulse" target */ = {
			isa = PBXFileSystemSynchronizedBuildFileExceptionSet;
			membershipExceptions = (
				Info.plist,
			);
			target = 9D2A0EE22ED5DC4000EAD793 /* MindPulse */;
		};
/* End PBXFileSystemSynchronizedBuildFileExceptionSet section */

/* Begin PBXFileSystemSynchronizedRootGroup section */
		6811ECB82F1F85B500C04C59 /* MindPulse Watch Watch App */ = {
			isa = PBXFileSystemSynchronizedRootGroup;
			exceptions = (
				6811EF572F228B8B00C04C59 /* Exceptions for "MindPulse Watch Watch App" folder in "MindPulse" target */,
			);
			path = "MindPulse Watch Watch App";
			sourceTree = "<group>";
		};
		9D2A0EE52ED5DC4000EAD793 /* MindPulse */ = {
			isa = PBXFileSystemSynchronizedRootGroup;
			exceptions = (
				6811F3532F25516500C04C59 /* Exceptions for "MindPulse" folder in "MindPulse" target */,
				6811ECCD2F1F860700C04C59 /* Exceptions for "MindPulse" folder in "MindPulse Watch Watch App" target */,
			);
			path = MindPulse;
			sourceTree = "<group>";
		};
		9D76D9E02F29502400FD201B /* MindPulseUITests */ = {
			isa = PBXFileSystemSynchronizedRootGroup;
			path = MindPulseUITests;
			sourceTree = "<group>";
		};
		9D76DB1C2F29547E00FD201B /* MindPulseUnitTests */ = {
			isa = PBXFileSystemSynchronizedRootGroup;
			path = MindPulseUnitTests;
			sourceTree = "<group>";
		};
/* End PBXFileSystemSynchronizedRootGroup section */

/* Begin PBXFrameworksBuildPhase section */
		6811ECB42F1F85B500C04C59 /* Frameworks */ = {
			isa = PBXFrameworksBuildPhase;
			buildActionMask = 2147483647;
			files = (
			);
			runOnlyForDeploymentPostprocessing = 0;
		};
		9D2A0EE02ED5DC4000EAD793 /* Frameworks */ = {
			isa = PBXFrameworksBuildPhase;
			buildActionMask = 2147483647;
			files = (
				9DF4FA162F01A45000E5D3D7 /* ElegantEmojiPicker in Frameworks */,
			);
			runOnlyForDeploymentPostprocessing = 0;
		};
		9D76D9DC2F29502400FD201B /* Frameworks */ = {
			isa = PBXFrameworksBuildPhase;
			buildActionMask = 2147483647;
			files = (
			);
			runOnlyForDeploymentPostprocessing = 0;
		};
		9D76DB182F29547D00FD201B /* Frameworks */ = {
			isa = PBXFrameworksBuildPhase;
			buildActionMask = 2147483647;
			files = (
			);
			runOnlyForDeploymentPostprocessing = 0;
		};
/* End PBXFrameworksBuildPhase section */

/* Begin PBXGroup section */
		9D2A0EDA2ED5DC4000EAD793 = {
			isa = PBXGroup;
			children = (
				9D112D532F292B4500C5180D /* Localizable.xcstrings */,
				9D2A0EE52ED5DC4000EAD793 /* MindPulse */,
				6811ECB82F1F85B500C04C59 /* MindPulse Watch Watch App */,
				9D76D9E02F29502400FD201B /* MindPulseUITests */,
				9D76DB1C2F29547E00FD201B /* MindPulseUnitTests */,
				9D2A0EE42ED5DC4000EAD793 /* Products */,
			);
			sourceTree = "<group>";
		};
		9D2A0EE42ED5DC4000EAD793 /* Products */ = {
			isa = PBXGroup;
			children = (
				9D2A0EE32ED5DC4000EAD793 /* MindPulse.app */,
				6811ECB72F1F85B500C04C59 /* MindPulse Watch Watch App.app */,
				9D76D9DF2F29502400FD201B /* MindPulseUITests.xctest */,
				9D76DB1B2F29547D00FD201B /* MindPulseUnitTests.xctest */,
			);
			name = Products;
			sourceTree = "<group>";
		};
/* End PBXGroup section */

/* Begin PBXNativeTarget section */
		6811ECB62F1F85B500C04C59 /* MindPulse Watch Watch App */ = {
			isa = PBXNativeTarget;
			buildConfigurationList = 6811ECC22F1F85B600C04C59 /* Build configuration list for PBXNativeTarget "MindPulse Watch Watch App" */;
			buildPhases = (
				6811ECB32F1F85B500C04C59 /* Sources */,
				6811ECB42F1F85B500C04C59 /* Frameworks */,
				6811ECB52F1F85B500C04C59 /* Resources */,
			);
			buildRules = (
			);
			dependencies = (
			);
			fileSystemSynchronizedGroups = (
				6811ECB82F1F85B500C04C59 /* MindPulse Watch Watch App */,
			);
			name = "MindPulse Watch Watch App";
			packageProductDependencies = (
			);
			productName = "MindPulse Watch Watch App";
			productReference = 6811ECB72F1F85B500C04C59 /* MindPulse Watch Watch App.app */;
			productType = "com.apple.product-type.application";
		};
		9D2A0EE22ED5DC4000EAD793 /* MindPulse */ = {
			isa = PBXNativeTarget;
			buildConfigurationList = 9D2A0EEE2ED5DC4100EAD793 /* Build configuration list for PBXNativeTarget "MindPulse" */;
			buildPhases = (
				9D2A0EDF2ED5DC4000EAD793 /* Sources */,
				9D2A0EE02ED5DC4000EAD793 /* Frameworks */,
				9D2A0EE12ED5DC4000EAD793 /* Resources */,
				6811ECC52F1F85B600C04C59 /* Embed Watch Content */,
			);
			buildRules = (
			);
			dependencies = (
				6811ECC02F1F85B600C04C59 /* PBXTargetDependency */,
			);
			fileSystemSynchronizedGroups = (
				9D2A0EE52ED5DC4000EAD793 /* MindPulse */,
			);
			name = MindPulse;
			packageProductDependencies = (
				9DF4FA152F01A45000E5D3D7 /* ElegantEmojiPicker */,
			);
			productName = MindPulse;
			productReference = 9D2A0EE32ED5DC4000EAD793 /* MindPulse.app */;
			productType = "com.apple.product-type.application";
		};
		9D76D9DE2F29502400FD201B /* MindPulseUITests */ = {
			isa = PBXNativeTarget;
			buildConfigurationList = 9D76D9E92F29502400FD201B /* Build configuration list for PBXNativeTarget "MindPulseUITests" */;
			buildPhases = (
				9D76D9DB2F29502400FD201B /* Sources */,
				9D76D9DC2F29502400FD201B /* Frameworks */,
				9D76D9DD2F29502400FD201B /* Resources */,
			);
			buildRules = (
			);
			dependencies = (
				9D76D9E62F29502400FD201B /* PBXTargetDependency */,
			);
			fileSystemSynchronizedGroups = (
				9D76D9E02F29502400FD201B /* MindPulseUITests */,
			);
			name = MindPulseUITests;
			packageProductDependencies = (
			);
			productName = MindPulseUITests;
			productReference = 9D76D9DF2F29502400FD201B /* MindPulseUITests.xctest */;
			productType = "com.apple.product-type.bundle.ui-testing";
		};
		9D76DB1A2F29547D00FD201B /* MindPulseUnitTests */ = {
			isa = PBXNativeTarget;
			buildConfigurationList = 9D76DB212F29547E00FD201B /* Build configuration list for PBXNativeTarget "MindPulseUnitTests" */;
			buildPhases = (
				9D76DB172F29547D00FD201B /* Sources */,
				9D76DB182F29547D00FD201B /* Frameworks */,
				9D76DB192F29547D00FD201B /* Resources */,
			);
			buildRules = (
			);
			dependencies = (
				9D76DB202F29547E00FD201B /* PBXTargetDependency */,
			);
			fileSystemSynchronizedGroups = (
				9D76DB1C2F29547E00FD201B /* MindPulseUnitTests */,
			);
			name = MindPulseUnitTests;
			packageProductDependencies = (
			);
			productName = MindPulseUnitTests;
			productReference = 9D76DB1B2F29547D00FD201B /* MindPulseUnitTests.xctest */;
			productType = "com.apple.product-type.bundle.unit-test";
		};
/* End PBXNativeTarget section */

/* Begin PBXProject section */
		9D2A0EDB2ED5DC4000EAD793 /* Project object */ = {
			isa = PBXProject;
			attributes = {
				BuildIndependentTargetsInParallel = 1;
				LastSwiftUpdateCheck = 2600;
				LastUpgradeCheck = 1640;
				TargetAttributes = {
					6811ECB62F1F85B500C04C59 = {
						CreatedOnToolsVersion = 26.2;
					};
					9D2A0EE22ED5DC4000EAD793 = {
						CreatedOnToolsVersion = 16.4;
					};
					9D76D9DE2F29502400FD201B = {
						CreatedOnToolsVersion = 26.0;
						TestTargetID = 9D2A0EE22ED5DC4000EAD793;
					};
					9D76DB1A2F29547D00FD201B = {
						CreatedOnToolsVersion = 26.0;
						TestTargetID = 9D2A0EE22ED5DC4000EAD793;
					};
				};
			};
			buildConfigurationList = 9D2A0EDE2ED5DC4000EAD793 /* Build configuration list for PBXProject "MindPulse" */;
			developmentRegion = en;
			hasScannedForEncodings = 0;
			knownRegions = (
				en,
				Base,
				cs,
			);
			mainGroup = 9D2A0EDA2ED5DC4000EAD793;
			minimizedProjectReferenceProxies = 1;
			packageReferences = (
				9DF4FA142F01A45000E5D3D7 /* XCRemoteSwiftPackageReference "Elegant-Emoji-Picker" */,
			);
			preferredProjectObjectVersion = 77;
			productRefGroup = 9D2A0EE42ED5DC4000EAD793 /* Products */;
			projectDirPath = "";
			projectRoot = "";
			targets = (
				9D2A0EE22ED5DC4000EAD793 /* MindPulse */,
				6811ECB62F1F85B500C04C59 /* MindPulse Watch Watch App */,
				9D76D9DE2F29502400FD201B /* MindPulseUITests */,
				9D76DB1A2F29547D00FD201B /* MindPulseUnitTests */,
			);
		};
/* End PBXProject section */

/* Begin PBXResourcesBuildPhase section */
		6811ECB52F1F85B500C04C59 /* Resources */ = {
			isa = PBXResourcesBuildPhase;
			buildActionMask = 2147483647;
			files = (
				9D112D552F292CC500C5180D /* Localizable.xcstrings in Resources */,
			);
			runOnlyForDeploymentPostprocessing = 0;
		};
		9D2A0EE12ED5DC4000EAD793 /* Resources */ = {
			isa = PBXResourcesBuildPhase;
			buildActionMask = 2147483647;
			files = (
				9D112D542F292B4500C5180D /* Localizable.xcstrings in Resources */,
			);
			runOnlyForDeploymentPostprocessing = 0;
		};
		9D76D9DD2F29502400FD201B /* Resources */ = {
			isa = PBXResourcesBuildPhase;
			buildActionMask = 2147483647;
			files = (
			);
			runOnlyForDeploymentPostprocessing = 0;
		};
		9D76DB192F29547D00FD201B /* Resources */ = {
			isa = PBXResourcesBuildPhase;
			buildActionMask = 2147483647;
			files = (
			);
			runOnlyForDeploymentPostprocessing = 0;
		};
/* End PBXResourcesBuildPhase section */

/* Begin PBXSourcesBuildPhase section */
		6811ECB32F1F85B500C04C59 /* Sources */ = {
			isa = PBXSourcesBuildPhase;
			buildActionMask = 2147483647;
			files = (
			);
			runOnlyForDeploymentPostprocessing = 0;
		};
		9D2A0EDF2ED5DC4000EAD793 /* Sources */ = {
			isa = PBXSourcesBuildPhase;
			buildActionMask = 2147483647;
			files = (
			);
			runOnlyForDeploymentPostprocessing = 0;
		};
		9D76D9DB2F29502400FD201B /* Sources */ = {
			isa = PBXSourcesBuildPhase;
			buildActionMask = 2147483647;
			files = (
			);
			runOnlyForDeploymentPostprocessing = 0;
		};
		9D76DB172F29547D00FD201B /* Sources */ = {
			isa = PBXSourcesBuildPhase;
			buildActionMask = 2147483647;
			files = (
			);
			runOnlyForDeploymentPostprocessing = 0;
		};
/* End PBXSourcesBuildPhase section */

/* Begin PBXTargetDependency section */
		6811ECC02F1F85B600C04C59 /* PBXTargetDependency */ = {
			isa = PBXTargetDependency;
			target = 6811ECB62F1F85B500C04C59 /* MindPulse Watch Watch App */;
			targetProxy = 6811ECBF2F1F85B600C04C59 /* PBXContainerItemProxy */;
		};
		9D76D9E62F29502400FD201B /* PBXTargetDependency */ = {
			isa = PBXTargetDependency;
			target = 9D2A0EE22ED5DC4000EAD793 /* MindPulse */;
			targetProxy = 9D76D9E52F29502400FD201B /* PBXContainerItemProxy */;
		};
		9D76DB202F29547E00FD201B /* PBXTargetDependency */ = {
			isa = PBXTargetDependency;
			target = 9D2A0EE22ED5DC4000EAD793 /* MindPulse */;
			targetProxy = 9D76DB1F2F29547E00FD201B /* PBXContainerItemProxy */;
		};
/* End PBXTargetDependency section */

/* Begin XCBuildConfiguration section */
		6811ECC32F1F85B600C04C59 /* Debug */ = {
			isa = XCBuildConfiguration;
			buildSettings = {
				ASSETCATALOG_COMPILER_APPICON_NAME = AppIcon;
				ASSETCATALOG_COMPILER_GLOBAL_ACCENT_COLOR_NAME = AccentColor;
				CODE_SIGN_ENTITLEMENTS = "MindPulse Watch Watch App/MindPulse Watch Watch App.entitlements";
				CODE_SIGN_STYLE = Automatic;
				CURRENT_PROJECT_VERSION = 1;
				DEVELOPMENT_TEAM = KR63WNJVMH;
				ENABLE_PREVIEWS = YES;
				GENERATE_INFOPLIST_FILE = YES;
				INFOPLIST_FILE = "MindPulse-Watch-Watch-App-Info.plist";
				INFOPLIST_KEY_CFBundleDisplayName = "MindPulse Watch";
				INFOPLIST_KEY_LSApplicationCategoryType = "";
				INFOPLIST_KEY_NSHealthShareUsageDescription = "Heart rate is used to record activity intensity.";
				INFOPLIST_KEY_NSHealthUpdateUsageDescription = "We save your workout data to HealthKit.";
				INFOPLIST_KEY_UISupportedInterfaceOrientations = "UIInterfaceOrientationPortrait UIInterfaceOrientationPortraitUpsideDown";
				INFOPLIST_KEY_WKCompanionAppBundleIdentifier = school.MindPulse;
				LD_RUNPATH_SEARCH_PATHS = (
					"$(inherited)",
					"@executable_path/Frameworks",
				);
				MARKETING_VERSION = 1.0;
				PRODUCT_BUNDLE_IDENTIFIER = school.MindPulse.watchkitapp;
				PRODUCT_NAME = "$(TARGET_NAME)";
				SDKROOT = watchos;
				SKIP_INSTALL = YES;
				STRING_CATALOG_GENERATE_SYMBOLS = YES;
				SWIFT_APPROACHABLE_CONCURRENCY = YES;
				SWIFT_DEFAULT_ACTOR_ISOLATION = MainActor;
				SWIFT_EMIT_LOC_STRINGS = YES;
				SWIFT_UPCOMING_FEATURE_MEMBER_IMPORT_VISIBILITY = YES;
				SWIFT_VERSION = 5.0;
				TARGETED_DEVICE_FAMILY = 4;
				WATCHOS_DEPLOYMENT_TARGET = 26.0;
			};
			name = Debug;
		};
		6811ECC42F1F85B600C04C59 /* Release */ = {
			isa = XCBuildConfiguration;
			buildSettings = {
				ASSETCATALOG_COMPILER_APPICON_NAME = AppIcon;
				ASSETCATALOG_COMPILER_GLOBAL_ACCENT_COLOR_NAME = AccentColor;
				CODE_SIGN_ENTITLEMENTS = "MindPulse Watch Watch App/MindPulse Watch Watch App.entitlements";
				CODE_SIGN_STYLE = Automatic;
				CURRENT_PROJECT_VERSION = 1;
				DEVELOPMENT_TEAM = KR63WNJVMH;
				ENABLE_PREVIEWS = YES;
				GENERATE_INFOPLIST_FILE = YES;
				INFOPLIST_FILE = "MindPulse-Watch-Watch-App-Info.plist";
				INFOPLIST_KEY_CFBundleDisplayName = "MindPulse Watch";
				INFOPLIST_KEY_LSApplicationCategoryType = "";
				INFOPLIST_KEY_NSHealthShareUsageDescription = "Heart rate is used to record activity intensity.";
				INFOPLIST_KEY_NSHealthUpdateUsageDescription = "We save your workout data to HealthKit.";
				INFOPLIST_KEY_UISupportedInterfaceOrientations = "UIInterfaceOrientationPortrait UIInterfaceOrientationPortraitUpsideDown";
				INFOPLIST_KEY_WKCompanionAppBundleIdentifier = school.MindPulse;
				LD_RUNPATH_SEARCH_PATHS = (
					"$(inherited)",
					"@executable_path/Frameworks",
				);
				MARKETING_VERSION = 1.0;
				PRODUCT_BUNDLE_IDENTIFIER = school.MindPulse.watchkitapp;
				PRODUCT_NAME = "$(TARGET_NAME)";
				SDKROOT = watchos;
				SKIP_INSTALL = YES;
				STRING_CATALOG_GENERATE_SYMBOLS = YES;
				SWIFT_APPROACHABLE_CONCURRENCY = YES;
				SWIFT_DEFAULT_ACTOR_ISOLATION = MainActor;
				SWIFT_EMIT_LOC_STRINGS = YES;
				SWIFT_UPCOMING_FEATURE_MEMBER_IMPORT_VISIBILITY = YES;
				SWIFT_VERSION = 5.0;
				TARGETED_DEVICE_FAMILY = 4;
				WATCHOS_DEPLOYMENT_TARGET = 26.0;
			};
			name = Release;
		};
		9D2A0EEC2ED5DC4100EAD793 /* Debug */ = {
			isa = XCBuildConfiguration;
			buildSettings = {
				ALWAYS_SEARCH_USER_PATHS = NO;
				ASSETCATALOG_COMPILER_GENERATE_SWIFT_ASSET_SYMBOL_EXTENSIONS = YES;
				CLANG_ANALYZER_NONNULL = YES;
				CLANG_ANALYZER_NUMBER_OBJECT_CONVERSION = YES_AGGRESSIVE;
				CLANG_CXX_LANGUAGE_STANDARD = "gnu++20";
				CLANG_ENABLE_MODULES = YES;
				CLANG_ENABLE_OBJC_ARC = YES;
				CLANG_ENABLE_OBJC_WEAK = YES;
				CLANG_WARN_BLOCK_CAPTURE_AUTORELEASING = YES;
				CLANG_WARN_BOOL_CONVERSION = YES;
				CLANG_WARN_COMMA = YES;
				CLANG_WARN_CONSTANT_CONVERSION = YES;
				CLANG_WARN_DEPRECATED_OBJC_IMPLEMENTATIONS = YES;
				CLANG_WARN_DIRECT_OBJC_ISA_USAGE = YES_ERROR;
				CLANG_WARN_DOCUMENTATION_COMMENTS = YES;
				CLANG_WARN_EMPTY_BODY = YES;
				CLANG_WARN_ENUM_CONVERSION = YES;
				CLANG_WARN_INFINITE_RECURSION = YES;
				CLANG_WARN_INT_CONVERSION = YES;
				CLANG_WARN_NON_LITERAL_NULL_CONVERSION = YES;
				CLANG_WARN_OBJC_IMPLICIT_RETAIN_SELF = YES;
				CLANG_WARN_OBJC_LITERAL_CONVERSION = YES;
				CLANG_WARN_OBJC_ROOT_CLASS = YES_ERROR;
				CLANG_WARN_QUOTED_INCLUDE_IN_FRAMEWORK_HEADER = YES;
				CLANG_WARN_RANGE_LOOP_ANALYSIS = YES;
				CLANG_WARN_STRICT_PROTOTYPES = YES;
				CLANG_WARN_SUSPICIOUS_MOVE = YES;
				CLANG_WARN_UNGUARDED_AVAILABILITY = YES_AGGRESSIVE;
				CLANG_WARN_UNREACHABLE_CODE = YES;
				CLANG_WARN__DUPLICATE_METHOD_MATCH = YES;
				COPY_PHASE_STRIP = NO;
				DEBUG_INFORMATION_FORMAT = dwarf;
				ENABLE_STRICT_OBJC_MSGSEND = YES;
				ENABLE_TESTABILITY = YES;
				ENABLE_USER_SCRIPT_SANDBOXING = YES;
				GCC_C_LANGUAGE_STANDARD = gnu17;
				GCC_DYNAMIC_NO_PIC = NO;
				GCC_NO_COMMON_BLOCKS = YES;
				GCC_OPTIMIZATION_LEVEL = 0;
				GCC_PREPROCESSOR_DEFINITIONS = (
					"DEBUG=1",
					"$(inherited)",
				);
				GCC_WARN_64_TO_32_BIT_CONVERSION = YES;
				GCC_WARN_ABOUT_RETURN_TYPE = YES_ERROR;
				GCC_WARN_UNDECLARED_SELECTOR = YES;
				GCC_WARN_UNINITIALIZED_AUTOS = YES_AGGRESSIVE;
				GCC_WARN_UNUSED_FUNCTION = YES;
				GCC_WARN_UNUSED_VARIABLE = YES;
				IPHONEOS_DEPLOYMENT_TARGET = 18.5;
				LOCALIZATION_PREFERS_STRING_CATALOGS = YES;
				MTL_ENABLE_DEBUG_INFO = INCLUDE_SOURCE;
				MTL_FAST_MATH = YES;
				ONLY_ACTIVE_ARCH = YES;
				SDKROOT = iphoneos;
				SWIFT_ACTIVE_COMPILATION_CONDITIONS = "DEBUG $(inherited)";
				SWIFT_EMIT_LOC_STRINGS = YES;
				SWIFT_OPTIMIZATION_LEVEL = "-Onone";
			};
			name = Debug;
		};
		9D2A0EED2ED5DC4100EAD793 /* Release */ = {
			isa = XCBuildConfiguration;
			buildSettings = {
				ALWAYS_SEARCH_USER_PATHS = NO;
				ASSETCATALOG_COMPILER_GENERATE_SWIFT_ASSET_SYMBOL_EXTENSIONS = YES;
				CLANG_ANALYZER_NONNULL = YES;
				CLANG_ANALYZER_NUMBER_OBJECT_CONVERSION = YES_AGGRESSIVE;
				CLANG_CXX_LANGUAGE_STANDARD = "gnu++20";
				CLANG_ENABLE_MODULES = YES;
				CLANG_ENABLE_OBJC_ARC = YES;
				CLANG_ENABLE_OBJC_WEAK = YES;
				CLANG_WARN_BLOCK_CAPTURE_AUTORELEASING = YES;
				CLANG_WARN_BOOL_CONVERSION = YES;
				CLANG_WARN_COMMA = YES;
				CLANG_WARN_CONSTANT_CONVERSION = YES;
				CLANG_WARN_DEPRECATED_OBJC_IMPLEMENTATIONS = YES;
				CLANG_WARN_DIRECT_OBJC_ISA_USAGE = YES_ERROR;
				CLANG_WARN_DOCUMENTATION_COMMENTS = YES;
				CLANG_WARN_EMPTY_BODY = YES;
				CLANG_WARN_ENUM_CONVERSION = YES;
				CLANG_WARN_INFINITE_RECURSION = YES;
				CLANG_WARN_INT_CONVERSION = YES;
				CLANG_WARN_NON_LITERAL_NULL_CONVERSION = YES;
				CLANG_WARN_OBJC_IMPLICIT_RETAIN_SELF = YES;
				CLANG_WARN_OBJC_LITERAL_CONVERSION = YES;
				CLANG_WARN_OBJC_ROOT_CLASS = YES_ERROR;
				CLANG_WARN_QUOTED_INCLUDE_IN_FRAMEWORK_HEADER = YES;
				CLANG_WARN_RANGE_LOOP_ANALYSIS = YES;
				CLANG_WARN_STRICT_PROTOTYPES = YES;
				CLANG_WARN_SUSPICIOUS_MOVE = YES;
				CLANG_WARN_UNGUARDED_AVAILABILITY = YES_AGGRESSIVE;
				CLANG_WARN_UNREACHABLE_CODE = YES;
				CLANG_WARN__DUPLICATE_METHOD_MATCH = YES;
				COPY_PHASE_STRIP = NO;
				DEBUG_INFORMATION_FORMAT = "dwarf-with-dsym";
				ENABLE_NS_ASSERTIONS = NO;
				ENABLE_STRICT_OBJC_MSGSEND = YES;
				ENABLE_USER_SCRIPT_SANDBOXING = YES;
				GCC_C_LANGUAGE_STANDARD = gnu17;
				GCC_NO_COMMON_BLOCKS = YES;
				GCC_WARN_64_TO_32_BIT_CONVERSION = YES;
				GCC_WARN_ABOUT_RETURN_TYPE = YES_ERROR;
				GCC_WARN_UNDECLARED_SELECTOR = YES;
				GCC_WARN_UNINITIALIZED_AUTOS = YES_AGGRESSIVE;
				GCC_WARN_UNUSED_FUNCTION = YES;
				GCC_WARN_UNUSED_VARIABLE = YES;
				IPHONEOS_DEPLOYMENT_TARGET = 18.5;
				LOCALIZATION_PREFERS_STRING_CATALOGS = YES;
				MTL_ENABLE_DEBUG_INFO = NO;
				MTL_FAST_MATH = YES;
				SDKROOT = iphoneos;
				SWIFT_COMPILATION_MODE = wholemodule;
				SWIFT_EMIT_LOC_STRINGS = YES;
				VALIDATE_PRODUCT = YES;
			};
			name = Release;
		};
		9D2A0EEF2ED5DC4100EAD793 /* Debug */ = {
			isa = XCBuildConfiguration;
			buildSettings = {
				ASSETCATALOG_COMPILER_APPICON_NAME = AppIcon;
				ASSETCATALOG_COMPILER_GLOBAL_ACCENT_COLOR_NAME = AccentColor;
				CODE_SIGN_ENTITLEMENTS = MindPulse/MindPulse.entitlements;
				CODE_SIGN_STYLE = Automatic;
				CURRENT_PROJECT_VERSION = 1;
				DEVELOPMENT_TEAM = KR63WNJVMH;
				ENABLE_PREVIEWS = YES;
				GENERATE_INFOPLIST_FILE = YES;
				INFOPLIST_FILE = MindPulse/Info.plist;
				INFOPLIST_KEY_NSHealthShareUsageDescription = "Heart rate is used to record activity intensity.";
				INFOPLIST_KEY_UIApplicationSceneManifest_Generation = YES;
				INFOPLIST_KEY_UIApplicationSupportsIndirectInputEvents = YES;
				INFOPLIST_KEY_UILaunchScreen_Generation = YES;
				INFOPLIST_KEY_UISupportedInterfaceOrientations_iPad = "UIInterfaceOrientationPortrait UIInterfaceOrientationPortraitUpsideDown UIInterfaceOrientationLandscapeLeft UIInterfaceOrientationLandscapeRight";
				INFOPLIST_KEY_UISupportedInterfaceOrientations_iPhone = "UIInterfaceOrientationPortrait UIInterfaceOrientationLandscapeLeft UIInterfaceOrientationLandscapeRight";
				IPHONEOS_DEPLOYMENT_TARGET = 26.0;
				LD_RUNPATH_SEARCH_PATHS = (
					"$(inherited)",
					"@executable_path/Frameworks",
				);
				MARKETING_VERSION = 1.0;
				PRODUCT_BUNDLE_IDENTIFIER = school.MindPulse;
				PRODUCT_NAME = "$(TARGET_NAME)";
				SWIFT_EMIT_LOC_STRINGS = YES;
				SWIFT_VERSION = 5.0;
				TARGETED_DEVICE_FAMILY = "1,2";
			};
			name = Debug;
		};
		9D2A0EF02ED5DC4100EAD793 /* Release */ = {
			isa = XCBuildConfiguration;
			buildSettings = {
				ASSETCATALOG_COMPILER_APPICON_NAME = AppIcon;
				ASSETCATALOG_COMPILER_GLOBAL_ACCENT_COLOR_NAME = AccentColor;
				CODE_SIGN_ENTITLEMENTS = MindPulse/MindPulse.entitlements;
				CODE_SIGN_STYLE = Automatic;
				CURRENT_PROJECT_VERSION = 1;
				DEVELOPMENT_TEAM = KR63WNJVMH;
				ENABLE_PREVIEWS = YES;
				GENERATE_INFOPLIST_FILE = YES;
				INFOPLIST_FILE = MindPulse/Info.plist;
				INFOPLIST_KEY_NSHealthShareUsageDescription = "Heart rate is used to record activity intensity.";
				INFOPLIST_KEY_UIApplicationSceneManifest_Generation = YES;
				INFOPLIST_KEY_UIApplicationSupportsIndirectInputEvents = YES;
				INFOPLIST_KEY_UILaunchScreen_Generation = YES;
				INFOPLIST_KEY_UISupportedInterfaceOrientations_iPad = "UIInterfaceOrientationPortrait UIInterfaceOrientationPortraitUpsideDown UIInterfaceOrientationLandscapeLeft UIInterfaceOrientationLandscapeRight";
				INFOPLIST_KEY_UISupportedInterfaceOrientations_iPhone = "UIInterfaceOrientationPortrait UIInterfaceOrientationLandscapeLeft UIInterfaceOrientationLandscapeRight";
				IPHONEOS_DEPLOYMENT_TARGET = 26.0;
				LD_RUNPATH_SEARCH_PATHS = (
					"$(inherited)",
					"@executable_path/Frameworks",
				);
				MARKETING_VERSION = 1.0;
				PRODUCT_BUNDLE_IDENTIFIER = school.MindPulse;
				PRODUCT_NAME = "$(TARGET_NAME)";
				SWIFT_EMIT_LOC_STRINGS = YES;
				SWIFT_VERSION = 5.0;
				TARGETED_DEVICE_FAMILY = "1,2";
			};
			name = Release;
		};
		9D76D9E72F29502400FD201B /* Debug */ = {
			isa = XCBuildConfiguration;
			buildSettings = {
				CODE_SIGN_STYLE = Automatic;
				CURRENT_PROJECT_VERSION = 1;
				DEVELOPMENT_TEAM = KR63WNJVMH;
				GENERATE_INFOPLIST_FILE = YES;
				IPHONEOS_DEPLOYMENT_TARGET = 26.0;
				MARKETING_VERSION = 1.0;
				PRODUCT_BUNDLE_IDENTIFIER = school.MindPulseUITests;
				PRODUCT_NAME = "$(TARGET_NAME)";
				STRING_CATALOG_GENERATE_SYMBOLS = NO;
				SWIFT_APPROACHABLE_CONCURRENCY = YES;
				SWIFT_EMIT_LOC_STRINGS = NO;
				SWIFT_UPCOMING_FEATURE_MEMBER_IMPORT_VISIBILITY = YES;
				SWIFT_VERSION = 5.0;
				TARGETED_DEVICE_FAMILY = "1,2";
				TEST_TARGET_NAME = MindPulse;
			};
			name = Debug;
		};
		9D76D9E82F29502400FD201B /* Release */ = {
			isa = XCBuildConfiguration;
			buildSettings = {
				CODE_SIGN_STYLE = Automatic;
				CURRENT_PROJECT_VERSION = 1;
				DEVELOPMENT_TEAM = KR63WNJVMH;
				GENERATE_INFOPLIST_FILE = YES;
				IPHONEOS_DEPLOYMENT_TARGET = 26.0;
				MARKETING_VERSION = 1.0;
				PRODUCT_BUNDLE_IDENTIFIER = school.MindPulseUITests;
				PRODUCT_NAME = "$(TARGET_NAME)";
				STRING_CATALOG_GENERATE_SYMBOLS = NO;
				SWIFT_APPROACHABLE_CONCURRENCY = YES;
				SWIFT_EMIT_LOC_STRINGS = NO;
				SWIFT_UPCOMING_FEATURE_MEMBER_IMPORT_VISIBILITY = YES;
				SWIFT_VERSION = 5.0;
				TARGETED_DEVICE_FAMILY = "1,2";
				TEST_TARGET_NAME = MindPulse;
			};
			name = Release;
		};
		9D76DB222F29547E00FD201B /* Debug */ = {
			isa = XCBuildConfiguration;
			buildSettings = {
				BUNDLE_LOADER = "$(TEST_HOST)";
				CODE_SIGN_STYLE = Automatic;
				CURRENT_PROJECT_VERSION = 1;
				DEVELOPMENT_TEAM = KR63WNJVMH;
				GENERATE_INFOPLIST_FILE = YES;
				IPHONEOS_DEPLOYMENT_TARGET = 26.0;
				MARKETING_VERSION = 1.0;
				PRODUCT_BUNDLE_IDENTIFIER = school.MindPulseUnitTests;
				PRODUCT_NAME = "$(TARGET_NAME)";
				STRING_CATALOG_GENERATE_SYMBOLS = NO;
				SWIFT_APPROACHABLE_CONCURRENCY = YES;
				SWIFT_EMIT_LOC_STRINGS = NO;
				SWIFT_UPCOMING_FEATURE_MEMBER_IMPORT_VISIBILITY = YES;
				SWIFT_VERSION = 5.0;
				TARGETED_DEVICE_FAMILY = "1,2";
				TEST_HOST = "$(BUILT_PRODUCTS_DIR)/MindPulse.app/$(BUNDLE_EXECUTABLE_FOLDER_PATH)/MindPulse";
			};
			name = Debug;
		};
		9D76DB232F29547E00FD201B /* Release */ = {
			isa = XCBuildConfiguration;
			buildSettings = {
				BUNDLE_LOADER = "$(TEST_HOST)";
				CODE_SIGN_STYLE = Automatic;
				CURRENT_PROJECT_VERSION = 1;
				DEVELOPMENT_TEAM = KR63WNJVMH;
				GENERATE_INFOPLIST_FILE = YES;
				IPHONEOS_DEPLOYMENT_TARGET = 26.0;
				MARKETING_VERSION = 1.0;
				PRODUCT_BUNDLE_IDENTIFIER = school.MindPulseUnitTests;
				PRODUCT_NAME = "$(TARGET_NAME)";
				STRING_CATALOG_GENERATE_SYMBOLS = NO;
				SWIFT_APPROACHABLE_CONCURRENCY = YES;
				SWIFT_EMIT_LOC_STRINGS = NO;
				SWIFT_UPCOMING_FEATURE_MEMBER_IMPORT_VISIBILITY = YES;
				SWIFT_VERSION = 5.0;
				TARGETED_DEVICE_FAMILY = "1,2";
				TEST_HOST = "$(BUILT_PRODUCTS_DIR)/MindPulse.app/$(BUNDLE_EXECUTABLE_FOLDER_PATH)/MindPulse";
			};
			name = Release;
		};
/* End XCBuildConfiguration section */

/* Begin XCConfigurationList section */
		6811ECC22F1F85B600C04C59 /* Build configuration list for PBXNativeTarget "MindPulse Watch Watch App" */ = {
			isa = XCConfigurationList;
			buildConfigurations = (
				6811ECC32F1F85B600C04C59 /* Debug */,
				6811ECC42F1F85B600C04C59 /* Release */,
			);
			defaultConfigurationIsVisible = 0;
			defaultConfigurationName = Release;
		};
		9D2A0EDE2ED5DC4000EAD793 /* Build configuration list for PBXProject "MindPulse" */ = {
			isa = XCConfigurationList;
			buildConfigurations = (
				9D2A0EEC2ED5DC4100EAD793 /* Debug */,
				9D2A0EED2ED5DC4100EAD793 /* Release */,
			);
			defaultConfigurationIsVisible = 0;
			defaultConfigurationName = Release;
		};
		9D2A0EEE2ED5DC4100EAD793 /* Build configuration list for PBXNativeTarget "MindPulse" */ = {
			isa = XCConfigurationList;
			buildConfigurations = (
				9D2A0EEF2ED5DC4100EAD793 /* Debug */,
				9D2A0EF02ED5DC4100EAD793 /* Release */,
			);
			defaultConfigurationIsVisible = 0;
			defaultConfigurationName = Release;
		};
		9D76D9E92F29502400FD201B /* Build configuration list for PBXNativeTarget "MindPulseUITests" */ = {
			isa = XCConfigurationList;
			buildConfigurations = (
				9D76D9E72F29502400FD201B /* Debug */,
				9D76D9E82F29502400FD201B /* Release */,
			);
			defaultConfigurationIsVisible = 0;
			defaultConfigurationName = Release;
		};
		9D76DB212F29547E00FD201B /* Build configuration list for PBXNativeTarget "MindPulseUnitTests" */ = {
			isa = XCConfigurationList;
			buildConfigurations = (
				9D76DB222F29547E00FD201B /* Debug */,
				9D76DB232F29547E00FD201B /* Release */,
			);
			defaultConfigurationIsVisible = 0;
			defaultConfigurationName = Release;
		};
/* End XCConfigurationList section */

/* Begin XCRemoteSwiftPackageReference section */
		9DF4FA142F01A45000E5D3D7 /* XCRemoteSwiftPackageReference "Elegant-Emoji-Picker" */ = {
			isa = XCRemoteSwiftPackageReference;
			repositoryURL = "https://github.com/Finalet/Elegant-Emoji-Picker.git";
			requirement = {
				branch = main;
				kind = branch;
			};
		};
/* End XCRemoteSwiftPackageReference section */

/* Begin XCSwiftPackageProductDependency section */
		9DF4FA152F01A45000E5D3D7 /* ElegantEmojiPicker */ = {
			isa = XCSwiftPackageProductDependency;
			package = 9DF4FA142F01A45000E5D3D7 /* XCRemoteSwiftPackageReference "Elegant-Emoji-Picker" */;
			productName = ElegantEmojiPicker;
		};
/* End XCSwiftPackageProductDependency section */
	};
	rootObject = 9D2A0EDB2ED5DC4000EAD793 /* Project object */;
}
